
Microsoft Visual Studio Solution File, Format Version 12.00
# Visual Studio Version 16
VisualStudioVersion = 16.0.30204.135
MinimumVisualStudioVersion = 10.0.40219.1
Project("{FAE04EC0-301F-11D3-BF4B-00C04F79EFBC}") = "HumanRightsIndicator", "HumanRightsIndicator\HumanRightsIndicator.csproj", "{96F16702-6949-46A7-9DA3-07DFB15FB5A1}"
EndProject
Global
	GlobalSection(SolutionConfigurationPlatforms) = preSolution
		Debug|Any CPU = Debug|Any CPU
		Release|Any CPU = Release|Any CPU
	EndGlobalSection
	GlobalSection(ProjectConfigurationPlatforms) = postSolution
		{96F16702-6949-46A7-9DA3-07DFB15FB5A1}.Debug|Any CPU.ActiveCfg = Debug|Any CPU
		{96F16702-6949-46A7-9DA3-07DFB15FB5A1}.Debug|Any CPU.Build.0 = Debug|Any CPU
		{96F16702-6949-46A7-9DA3-07DFB15FB5A1}.Release|Any CPU.ActiveCfg = Release|Any CPU
		{96F16702-6949-46A7-9DA3-07DFB15FB5A1}.Release|Any CPU.Build.0 = Release|Any CPU
	EndGlobalSection
	GlobalSection(SolutionProperties) = preSolution
		HideSolutionNode = FALSE
	EndGlobalSection
	GlobalSection(ExtensibilityGlobals) = postSolution
		SolutionGuid = {DDCFFEB8-3B7E-4DD0-8BE8-4703C43EFF04}
	EndGlobalSection
EndGlobal
